
Microsoft Visual Studio Solution File, Format Version 12.00
# Visual Studio Version 17
VisualStudioVersion = 17.5.002.0
MinimumVisualStudioVersion = 10.0.40219.1
Project("{9A19103F-16F7-4668-BE54-9A1E7A4F7556}") = "biblioteca-fc-api", "biblioteca-fc-api.csproj", "{ABDEE6BA-8758-4B70-8040-D0C6C4E4CCE0}"
EndProject
Global
	GlobalSection(SolutionConfigurationPlatforms) = preSolution
		Debug|Any CPU = Debug|Any CPU
		Release|Any CPU = Release|Any CPU
	EndGlobalSection
	GlobalSection(ProjectConfigurationPlatforms) = postSolution
		{ABDEE6BA-8758-4B70-8040-D0C6C4E4CCE0}.Debug|Any CPU.ActiveCfg = Debug|Any CPU
		{ABDEE6BA-8758-4B70-8040-D0C6C4E4CCE0}.Debug|Any CPU.Build.0 = Debug|Any CPU
		{ABDEE6BA-8758-4B70-8040-D0C6C4E4CCE0}.Release|Any CPU.ActiveCfg = Release|Any CPU
		{ABDEE6BA-8758-4B70-8040-D0C6C4E4CCE0}.Release|Any CPU.Build.0 = Release|Any CPU
	EndGlobalSection
	GlobalSection(SolutionProperties) = preSolution
		HideSolutionNode = FALSE
	EndGlobalSection
	GlobalSection(ExtensibilityGlobals) = postSolution
		SolutionGuid = {25380CC2-50A2-45C5-A57C-85EF6DAD683D}
	EndGlobalSection
EndGlobal
